
Microsoft Visual Studio Solution File, Format Version 12.00
# Visual Studio Version 17
VisualStudioVersion = 17.14.37614.0
MinimumVisualStudioVersion = 10.0.40219.1
Project("{2150E333-8FDC-42A3-9474-1A3956D46DE8}") = "Task0", "Task0", "{02EA681E-C7D8-13C7-8484-4AC65E1B71E8}"
EndProject
Project("{FAE04EC0-301F-11D3-BF4B-00C04F79EFBC}") = "Tyuiu.TelminovMS.Sprint0.Task0.V0", "Tyuiu.TelminovMS.Sprint0.Task0.v0\Tyuiu.TelminovMS.Sprint0.Task0.V0.csproj", "{60FC844C-8E84-4615-99C2-BFBC8FFA5963}"
EndProject
Project("{2150E333-8FDC-42A3-9474-1A3956D46DE8}") = "Task1", "Task1", "{7C8DB4E1-11EB-44E2-9857-5558C30A6DF4}"
EndProject
Project("{FAE04EC0-301F-11D3-BF4B-00C04F79EFBC}") = "Tyuiu.TelminovMS.Sprint0.Task1.V0", "Tyuiu.TelminovMS.Sprint0.Task1.V0\Tyuiu.TelminovMS.Sprint0.Task1.V0.csproj", "{21CF49A6-8C37-422B-8293-48C802AB205E}"
EndProject
Global
	GlobalSection(SolutionConfigurationPlatforms) = preSolution
		Debug|Any CPU = Debug|Any CPU
		Release|Any CPU = Release|Any CPU
	EndGlobalSection
	GlobalSection(ProjectConfigurationPlatforms) = postSolution
		{60FC844C-8E84-4615-99C2-BFBC8FFA5963}.Debug|Any CPU.ActiveCfg = Debug|Any CPU
		{60FC844C-8E84-4615-99C2-BFBC8FFA5963}.Debug|Any CPU.Build.0 = Debug|Any CPU
		{60FC844C-8E84-4615-99C2-BFBC8FFA5963}.Release|Any CPU.ActiveCfg = Release|Any CPU
		{60FC844C-8E84-4615-99C2-BFBC8FFA5963}.Release|Any CPU.Build.0 = Release|Any CPU
		{21CF49A6-8C37-422B-8293-48C802AB205E}.Debug|Any CPU.ActiveCfg = Debug|Any CPU
		{21CF49A6-8C37-422B-8293-48C802AB205E}.Debug|Any CPU.Build.0 = Debug|Any CPU
		{21CF49A6-8C37-422B-8293-48C802AB205E}.Release|Any CPU.ActiveCfg = Release|Any CPU
		{21CF49A6-8C37-422B-8293-48C802AB205E}.Release|Any CPU.Build.0 = Release|Any CPU
	EndGlobalSection
	GlobalSection(SolutionProperties) = preSolution
		HideSolutionNode = FALSE
	EndGlobalSection
	GlobalSection(NestedProjects) = preSolution
		{60FC844C-8E84-4615-99C2-BFBC8FFA5963} = {02EA681E-C7D8-13C7-8484-4AC65E1B71E8}
		{21CF49A6-8C37-422B-8293-48C802AB205E} = {7C8DB4E1-11EB-44E2-9857-5558C30A6DF4}
	EndGlobalSection
	GlobalSection(ExtensibilityGlobals) = postSolution
		SolutionGuid = {9EC1E412-7B89-45E1-82C0-71B6C9FD4F21}
	EndGlobalSection
EndGlobal
