
Microsoft Visual Studio Solution File, Format Version 12.00
# Visual Studio Version 17
VisualStudioVersion = 17.14.37614.0
MinimumVisualStudioVersion = 10.0.40219.1
Project("{2150E333-8FDC-42A3-9474-1A3956D46DE8}") = "Task0", "Task0", "{02EA681E-C7D8-13C7-8484-4AC65E1B71E8}"
EndProject
Project("{FAE04EC0-301F-11D3-BF4B-00C04F79EFBC}") = "Tyuiu.TelminovMS.Sprint0.Task0.V0", "Tyuiu.TelminovMS.Sprint0.Task0.v0\Tyuiu.TelminovMS.Sprint0.Task0.V0.csproj", "{60FC844C-8E84-4615-99C2-BFBC8FFA5963}"
EndProject
Project("{2150E333-8FDC-42A3-9474-1A3956D46DE8}") = "Task1", "Task1", "{7C8DB4E1-11EB-44E2-9857-5558C30A6DF4}"
EndProject
Project("{FAE04EC0-301F-11D3-BF4B-00C04F79EFBC}") = "Tyuiu.TelminovMS.Sprint0.Task1.V0", "Tyuiu.TelminovMS.Sprint0.Task1.V0\Tyuiu.TelminovMS.Sprint0.Task1.V0.csproj", "{21CF49A6-8C37-422B-8293-48C802AB205E}"
EndProject
Project("{2150E333-8FDC-42A3-9474-1A3956D46DE8}") = "Task2", "Task2", "{F0FEF9CF-6F00-4C50-A7C4-F67AB7E9D839}"
EndProject
Project("{FAE04EC0-301F-11D3-BF4B-00C04F79EFBC}") = "Tyuiu.TelminovMS.Sprint0.Task2.V0", "Tyuiu.TelminovMS.Sprint0.Task2.V0\Tyuiu.TelminovMS.Sprint0.Task2.V0.csproj", "{1C93A4EA-0EE0-4CCC-87C8-AAB0EB09727C}"
EndProject
Project("{FAE04EC0-301F-11D3-BF4B-00C04F79EFBC}") = "Tyuiu.TelminovMS.Sprint0.Task2.V0.Lib", "Tyuiu.TelminovMS.Sprint0.Task2.V0.Lib\Tyuiu.TelminovMS.Sprint0.Task2.V0.Lib.csproj", "{D37A3106-8A04-4716-B97A-38D370574FCC}"
EndProject
Project("{FAE04EC0-301F-11D3-BF4B-00C04F79EFBC}") = "Tyuiu.TelminovMS.Sprint0.Task2.V0.Test", "Tyuiu.TelminovMS.Sprint0.Task2.V0.Test\Tyuiu.TelminovMS.Sprint0.Task2.V0.Test.csproj", "{1EB6383B-07F0-4FBE-ABC0-73D783CFBF4A}"
EndProject
Project("{2150E333-8FDC-42A3-9474-1A3956D46DE8}") = "Task3", "Task3", "{48F84D52-774B-4CD6-B0F2-6471AD37914B}"
EndProject
Project("{FAE04EC0-301F-11D3-BF4B-00C04F79EFBC}") = "Tyuiu.TelminovMS.Sprint0.Task3.V0", "Tyuiu.TelminovMS.Sprint0.Task3.V0\Tyuiu.TelminovMS.Sprint0.Task3.V0.csproj", "{FFC23C59-ADD4-4AF6-BFCC-5E8B8BAFB71C}"
EndProject
Project("{FAE04EC0-301F-11D3-BF4B-00C04F79EFBC}") = "Tyuiu.TelminovMS.Sprint0.Task3.V0.Lib", "Tyuiu.TelminovMS.Sprint0.Task3.V0.Lib\Tyuiu.TelminovMS.Sprint0.Task3.V0.Lib.csproj", "{3EA38C72-7B31-4700-9B91-A21D41412ECB}"
EndProject
Project("{FAE04EC0-301F-11D3-BF4B-00C04F79EFBC}") = "Tyuiu.TelminovMS.Sprint0.Task3.V0.Test", "Tyuiu.TelminovMS.Sprint0.Task3.V0.Test\Tyuiu.TelminovMS.Sprint0.Task3.V0.Test.csproj", "{5FDF2E08-26BF-4E61-8FEB-B5FC3DA8E10C}"
EndProject
Project("{2150E333-8FDC-42A3-9474-1A3956D46DE8}") = "Task4", "Task4", "{707AD757-56FF-46DF-B91A-13C108B2D2E2}"
EndProject
Project("{FAE04EC0-301F-11D3-BF4B-00C04F79EFBC}") = "Tyuiu.TelminovMS.Sprint0.Task4.V0", "Tyuiu.TelminovMS.Sprint0.Task4.V0\Tyuiu.TelminovMS.Sprint0.Task4.V0.csproj", "{EEFD10AF-EF1C-4D22-84E1-EC6C80240A38}"
EndProject
Project("{FAE04EC0-301F-11D3-BF4B-00C04F79EFBC}") = "Tyuiu.TelminovMS.Sprint0.Task4.V0.Lib", "Tyuiu.TelminovMS.Sprint0.Task4.V0.Lib\Tyuiu.TelminovMS.Sprint0.Task4.V0.Lib.csproj", "{2C0AEDD0-4BC4-4F08-AAC6-5B412AF5DEEC}"
EndProject
Project("{FAE04EC0-301F-11D3-BF4B-00C04F79EFBC}") = "Tyuiu.TelminovMS.Sprint0.Task4.V0.Test", "Tyuiu.TelminovMS.Sprint0.Task4.V0.Test\Tyuiu.TelminovMS.Sprint0.Task4.V0.Test.csproj", "{601D5879-D717-45FB-820E-E12102F985E3}"
EndProject
Project("{2150E333-8FDC-42A3-9474-1A3956D46DE8}") = "Task5", "Task5", "{096BCBA1-83F1-42B8-8F92-9F623C3F636D}"
EndProject
Project("{FAE04EC0-301F-11D3-BF4B-00C04F79EFBC}") = "Tyuiu.TelminovMS.Sprint0.Task5.V0", "Tyuiu.TelminovMS.Sprint0.Task5.V0\Tyuiu.TelminovMS.Sprint0.Task5.V0.csproj", "{6CE6B805-C58D-49C2-A093-8A5EF99E29A9}"
EndProject
Project("{FAE04EC0-301F-11D3-BF4B-00C04F79EFBC}") = "Tyuiu.TelminovMS.Sprint0.Task5.V0.Lib", "Tyuiu.TelminovMS.Sprint0.Task5.V0.Lib\Tyuiu.TelminovMS.Sprint0.Task5.V0.Lib.csproj", "{A4198546-8F07-41AD-9132-D6C051AA47E2}"
EndProject
Project("{FAE04EC0-301F-11D3-BF4B-00C04F79EFBC}") = "Tyuiu.TelminovMS.Sprint0.Task5.V0.Test", "Tyuiu.TelminovMS.Sprint0.Task5.V0.Test\Tyuiu.TelminovMS.Sprint0.Task5.V0.Test.csproj", "{37BD567E-C7F1-4F47-9225-971F9F9FCA15}"
EndProject
Project("{2150E333-8FDC-42A3-9474-1A3956D46DE8}") = "Task6", "Task6", "{51878C70-F2F1-442E-9A42-7EB1C364E001}"
EndProject
Project("{FAE04EC0-301F-11D3-BF4B-00C04F79EFBC}") = "Tyuiu.TelminovMS.Sprint0.Task6.V0", "Tyuiu.TelminovMS.Sprint0.Task6.V0\Tyuiu.TelminovMS.Sprint0.Task6.V0.csproj", "{04D0DD1C-8FCE-4199-B97F-20741D06B1BD}"
EndProject
Project("{FAE04EC0-301F-11D3-BF4B-00C04F79EFBC}") = "Tyuiu.TelminovMS.Sprint0.Task6.V0.Lib", "Tyuiu.TelminovMS.Sprint0.Task6.V0.Lib\Tyuiu.TelminovMS.Sprint0.Task6.V0.Lib.csproj", "{AEBA0814-75EF-43A9-9D09-F746EA01609B}"
EndProject
Project("{FAE04EC0-301F-11D3-BF4B-00C04F79EFBC}") = "Tyuiu.TelminovMS.Sprint0.Task6.V0.Test", "Tyuiu.TelminovMS.Sprint0.Task6.V0.Test\Tyuiu.TelminovMS.Sprint0.Task6.V0.Test.csproj", "{A4841A02-00CD-40F6-A8AF-4B878B5EF7D0}"
EndProject
Global
	GlobalSection(SolutionConfigurationPlatforms) = preSolution
		Debug|Any CPU = Debug|Any CPU
		Release|Any CPU = Release|Any CPU
	EndGlobalSection
	GlobalSection(ProjectConfigurationPlatforms) = postSolution
		{60FC844C-8E84-4615-99C2-BFBC8FFA5963}.Debug|Any CPU.ActiveCfg = Debug|Any CPU
		{60FC844C-8E84-4615-99C2-BFBC8FFA5963}.Debug|Any CPU.Build.0 = Debug|Any CPU
		{60FC844C-8E84-4615-99C2-BFBC8FFA5963}.Release|Any CPU.ActiveCfg = Release|Any CPU
		{60FC844C-8E84-4615-99C2-BFBC8FFA5963}.Release|Any CPU.Build.0 = Release|Any CPU
		{21CF49A6-8C37-422B-8293-48C802AB205E}.Debug|Any CPU.ActiveCfg = Debug|Any CPU
		{21CF49A6-8C37-422B-8293-48C802AB205E}.Debug|Any CPU.Build.0 = Debug|Any CPU
		{21CF49A6-8C37-422B-8293-48C802AB205E}.Release|Any CPU.ActiveCfg = Release|Any CPU
		{21CF49A6-8C37-422B-8293-48C802AB205E}.Release|Any CPU.Build.0 = Release|Any CPU
		{1C93A4EA-0EE0-4CCC-87C8-AAB0EB09727C}.Debug|Any CPU.ActiveCfg = Debug|Any CPU
		{1C93A4EA-0EE0-4CCC-87C8-AAB0EB09727C}.Debug|Any CPU.Build.0 = Debug|Any CPU
		{1C93A4EA-0EE0-4CCC-87C8-AAB0EB09727C}.Release|Any CPU.ActiveCfg = Release|Any CPU
		{1C93A4EA-0EE0-4CCC-87C8-AAB0EB09727C}.Release|Any CPU.Build.0 = Release|Any CPU
		{D37A3106-8A04-4716-B97A-38D370574FCC}.Debug|Any CPU.ActiveCfg = Debug|Any CPU
		{D37A3106-8A04-4716-B97A-38D370574FCC}.Debug|Any CPU.Build.0 = Debug|Any CPU
		{D37A3106-8A04-4716-B97A-38D370574FCC}.Release|Any CPU.ActiveCfg = Release|Any CPU
		{D37A3106-8A04-4716-B97A-38D370574FCC}.Release|Any CPU.Build.0 = Release|Any CPU
		{1EB6383B-07F0-4FBE-ABC0-73D783CFBF4A}.Debug|Any CPU.ActiveCfg = Debug|Any CPU
		{1EB6383B-07F0-4FBE-ABC0-73D783CFBF4A}.Debug|Any CPU.Build.0 = Debug|Any CPU
		{1EB6383B-07F0-4FBE-ABC0-73D783CFBF4A}.Release|Any CPU.ActiveCfg = Release|Any CPU
		{1EB6383B-07F0-4FBE-ABC0-73D783CFBF4A}.Release|Any CPU.Build.0 = Release|Any CPU
		{FFC23C59-ADD4-4AF6-BFCC-5E8B8BAFB71C}.Debug|Any CPU.ActiveCfg = Debug|Any CPU
		{FFC23C59-ADD4-4AF6-BFCC-5E8B8BAFB71C}.Debug|Any CPU.Build.0 = Debug|Any CPU
		{FFC23C59-ADD4-4AF6-BFCC-5E8B8BAFB71C}.Release|Any CPU.ActiveCfg = Release|Any CPU
		{FFC23C59-ADD4-4AF6-BFCC-5E8B8BAFB71C}.Release|Any CPU.Build.0 = Release|Any CPU
		{3EA38C72-7B31-4700-9B91-A21D41412ECB}.Debug|Any CPU.ActiveCfg = Debug|Any CPU
		{3EA38C72-7B31-4700-9B91-A21D41412ECB}.Debug|Any CPU.Build.0 = Debug|Any CPU
		{3EA38C72-7B31-4700-9B91-A21D41412ECB}.Release|Any CPU.ActiveCfg = Release|Any CPU
		{3EA38C72-7B31-4700-9B91-A21D41412ECB}.Release|Any CPU.Build.0 = Release|Any CPU
		{5FDF2E08-26BF-4E61-8FEB-B5FC3DA8E10C}.Debug|Any CPU.ActiveCfg = Debug|Any CPU
		{5FDF2E08-26BF-4E61-8FEB-B5FC3DA8E10C}.Debug|Any CPU.Build.0 = Debug|Any CPU
		{5FDF2E08-26BF-4E61-8FEB-B5FC3DA8E10C}.Release|Any CPU.ActiveCfg = Release|Any CPU
		{5FDF2E08-26BF-4E61-8FEB-B5FC3DA8E10C}.Release|Any CPU.Build.0 = Release|Any CPU
		{EEFD10AF-EF1C-4D22-84E1-EC6C80240A38}.Debug|Any CPU.ActiveCfg = Debug|Any CPU
		{EEFD10AF-EF1C-4D22-84E1-EC6C80240A38}.Debug|Any CPU.Build.0 = Debug|Any CPU
		{EEFD10AF-EF1C-4D22-84E1-EC6C80240A38}.Release|Any CPU.ActiveCfg = Release|Any CPU
		{EEFD10AF-EF1C-4D22-84E1-EC6C80240A38}.Release|Any CPU.Build.0 = Release|Any CPU
		{2C0AEDD0-4BC4-4F08-AAC6-5B412AF5DEEC}.Debug|Any CPU.ActiveCfg = Debug|Any CPU
		{2C0AEDD0-4BC4-4F08-AAC6-5B412AF5DEEC}.Debug|Any CPU.Build.0 = Debug|Any CPU
		{2C0AEDD0-4BC4-4F08-AAC6-5B412AF5DEEC}.Release|Any CPU.ActiveCfg = Release|Any CPU
		{2C0AEDD0-4BC4-4F08-AAC6-5B412AF5DEEC}.Release|Any CPU.Build.0 = Release|Any CPU
		{601D5879-D717-45FB-820E-E12102F985E3}.Debug|Any CPU.ActiveCfg = Debug|Any CPU
		{601D5879-D717-45FB-820E-E12102F985E3}.Debug|Any CPU.Build.0 = Debug|Any CPU
		{601D5879-D717-45FB-820E-E12102F985E3}.Release|Any CPU.ActiveCfg = Release|Any CPU
		{601D5879-D717-45FB-820E-E12102F985E3}.Release|Any CPU.Build.0 = Release|Any CPU
		{6CE6B805-C58D-49C2-A093-8A5EF99E29A9}.Debug|Any CPU.ActiveCfg = Debug|Any CPU
		{6CE6B805-C58D-49C2-A093-8A5EF99E29A9}.Debug|Any CPU.Build.0 = Debug|Any CPU
		{6CE6B805-C58D-49C2-A093-8A5EF99E29A9}.Release|Any CPU.ActiveCfg = Release|Any CPU
		{6CE6B805-C58D-49C2-A093-8A5EF99E29A9}.Release|Any CPU.Build.0 = Release|Any CPU
		{A4198546-8F07-41AD-9132-D6C051AA47E2}.Debug|Any CPU.ActiveCfg = Debug|Any CPU
		{A4198546-8F07-41AD-9132-D6C051AA47E2}.Debug|Any CPU.Build.0 = Debug|Any CPU
		{A4198546-8F07-41AD-9132-D6C051AA47E2}.Release|Any CPU.ActiveCfg = Release|Any CPU
		{A4198546-8F07-41AD-9132-D6C051AA47E2}.Release|Any CPU.Build.0 = Release|Any CPU
		{37BD567E-C7F1-4F47-9225-971F9F9FCA15}.Debug|Any CPU.ActiveCfg = Debug|Any CPU
		{37BD567E-C7F1-4F47-9225-971F9F9FCA15}.Debug|Any CPU.Build.0 = Debug|Any CPU
		{37BD567E-C7F1-4F47-9225-971F9F9FCA15}.Release|Any CPU.ActiveCfg = Release|Any CPU
		{37BD567E-C7F1-4F47-9225-971F9F9FCA15}.Release|Any CPU.Build.0 = Release|Any CPU
		{04D0DD1C-8FCE-4199-B97F-20741D06B1BD}.Debug|Any CPU.ActiveCfg = Debug|Any CPU
		{04D0DD1C-8FCE-4199-B97F-20741D06B1BD}.Debug|Any CPU.Build.0 = Debug|Any CPU
		{04D0DD1C-8FCE-4199-B97F-20741D06B1BD}.Release|Any CPU.ActiveCfg = Release|Any CPU
		{04D0DD1C-8FCE-4199-B97F-20741D06B1BD}.Release|Any CPU.Build.0 = Release|Any CPU
		{AEBA0814-75EF-43A9-9D09-F746EA01609B}.Debug|Any CPU.ActiveCfg = Debug|Any CPU
		{AEBA0814-75EF-43A9-9D09-F746EA01609B}.Debug|Any CPU.Build.0 = Debug|Any CPU
		{AEBA0814-75EF-43A9-9D09-F746EA01609B}.Release|Any CPU.ActiveCfg = Release|Any CPU
		{AEBA0814-75EF-43A9-9D09-F746EA01609B}.Release|Any CPU.Build.0 = Release|Any CPU
		{A4841A02-00CD-40F6-A8AF-4B878B5EF7D0}.Debug|Any CPU.ActiveCfg = Debug|Any CPU
		{A4841A02-00CD-40F6-A8AF-4B878B5EF7D0}.Debug|Any CPU.Build.0 = Debug|Any CPU
		{A4841A02-00CD-40F6-A8AF-4B878B5EF7D0}.Release|Any CPU.ActiveCfg = Release|Any CPU
		{A4841A02-00CD-40F6-A8AF-4B878B5EF7D0}.Release|Any CPU.Build.0 = Release|Any CPU
	EndGlobalSection
	GlobalSection(SolutionProperties) = preSolution
		HideSolutionNode = FALSE
	EndGlobalSection
	GlobalSection(NestedProjects) = preSolution
		{60FC844C-8E84-4615-99C2-BFBC8FFA5963} = {02EA681E-C7D8-13C7-8484-4AC65E1B71E8}
		{21CF49A6-8C37-422B-8293-48C802AB205E} = {7C8DB4E1-11EB-44E2-9857-5558C30A6DF4}
		{1C93A4EA-0EE0-4CCC-87C8-AAB0EB09727C} = {F0FEF9CF-6F00-4C50-A7C4-F67AB7E9D839}
		{D37A3106-8A04-4716-B97A-38D370574FCC} = {F0FEF9CF-6F00-4C50-A7C4-F67AB7E9D839}
		{1EB6383B-07F0-4FBE-ABC0-73D783CFBF4A} = {F0FEF9CF-6F00-4C50-A7C4-F67AB7E9D839}
		{FFC23C59-ADD4-4AF6-BFCC-5E8B8BAFB71C} = {48F84D52-774B-4CD6-B0F2-6471AD37914B}
		{3EA38C72-7B31-4700-9B91-A21D41412ECB} = {48F84D52-774B-4CD6-B0F2-6471AD37914B}
		{5FDF2E08-26BF-4E61-8FEB-B5FC3DA8E10C} = {48F84D52-774B-4CD6-B0F2-6471AD37914B}
		{EEFD10AF-EF1C-4D22-84E1-EC6C80240A38} = {707AD757-56FF-46DF-B91A-13C108B2D2E2}
		{2C0AEDD0-4BC4-4F08-AAC6-5B412AF5DEEC} = {707AD757-56FF-46DF-B91A-13C108B2D2E2}
		{601D5879-D717-45FB-820E-E12102F985E3} = {707AD757-56FF-46DF-B91A-13C108B2D2E2}
		{6CE6B805-C58D-49C2-A093-8A5EF99E29A9} = {096BCBA1-83F1-42B8-8F92-9F623C3F636D}
		{A4198546-8F07-41AD-9132-D6C051AA47E2} = {096BCBA1-83F1-42B8-8F92-9F623C3F636D}
		{37BD567E-C7F1-4F47-9225-971F9F9FCA15} = {096BCBA1-83F1-42B8-8F92-9F623C3F636D}
		{04D0DD1C-8FCE-4199-B97F-20741D06B1BD} = {51878C70-F2F1-442E-9A42-7EB1C364E001}
		{AEBA0814-75EF-43A9-9D09-F746EA01609B} = {51878C70-F2F1-442E-9A42-7EB1C364E001}
		{A4841A02-00CD-40F6-A8AF-4B878B5EF7D0} = {51878C70-F2F1-442E-9A42-7EB1C364E001}
	EndGlobalSection
	GlobalSection(ExtensibilityGlobals) = postSolution
		SolutionGuid = {9EC1E412-7B89-45E1-82C0-71B6C9FD4F21}
	EndGlobalSection
EndGlobal
